
Microsoft Visual Studio Solution File, Format Version 12.00
# Visual Studio Version 16
VisualStudioVersion = 16.0.28803.452
MinimumVisualStudioVersion = 10.0.40219.1
Project("{2150E333-8FDC-42A3-9474-1A3956D46DE8}") = "Services", "Services", "{E784D07B-8ECD-424E-94B8-6921DBDE7066}"
EndProject
Project("{2150E333-8FDC-42A3-9474-1A3956D46DE8}") = "Services.Web.API", "Services.Web.API", "{03DD98DA-E5E8-40FD-9399-648DDEB0C9E4}"
EndProject
Project("{2150E333-8FDC-42A3-9474-1A3956D46DE8}") = "Peliculas", "Peliculas", "{7255D205-E8A6-4616-9155-027A55274EE9}"
EndProject
Project("{FAE04EC0-301F-11D3-BF4B-00C04F79EFBC}") = "Peliculas.API", "Peliculas.API\Peliculas.API.csproj", "{40E91AA7-1E4F-4508-AF78-79DC3A9A8AA9}"
EndProject
Global
	GlobalSection(SolutionConfigurationPlatforms) = preSolution
		Debug|Any CPU = Debug|Any CPU
		Release|Any CPU = Release|Any CPU
	EndGlobalSection
	GlobalSection(ProjectConfigurationPlatforms) = postSolution
		{40E91AA7-1E4F-4508-AF78-79DC3A9A8AA9}.Debug|Any CPU.ActiveCfg = Debug|Any CPU
		{40E91AA7-1E4F-4508-AF78-79DC3A9A8AA9}.Debug|Any CPU.Build.0 = Debug|Any CPU
		{40E91AA7-1E4F-4508-AF78-79DC3A9A8AA9}.Release|Any CPU.ActiveCfg = Release|Any CPU
		{40E91AA7-1E4F-4508-AF78-79DC3A9A8AA9}.Release|Any CPU.Build.0 = Release|Any CPU
	EndGlobalSection
	GlobalSection(SolutionProperties) = preSolution
		HideSolutionNode = FALSE
	EndGlobalSection
	GlobalSection(NestedProjects) = preSolution
		{03DD98DA-E5E8-40FD-9399-648DDEB0C9E4} = {E784D07B-8ECD-424E-94B8-6921DBDE7066}
		{7255D205-E8A6-4616-9155-027A55274EE9} = {03DD98DA-E5E8-40FD-9399-648DDEB0C9E4}
		{40E91AA7-1E4F-4508-AF78-79DC3A9A8AA9} = {7255D205-E8A6-4616-9155-027A55274EE9}
	EndGlobalSection
	GlobalSection(ExtensibilityGlobals) = postSolution
		SolutionGuid = {49D7A462-0207-4EFE-86F8-7CF5AEDB2DE7}
	EndGlobalSection
EndGlobal
