
Microsoft Visual Studio Solution File, Format Version 12.00
# Visual Studio Version 16
VisualStudioVersion = 16.0.28803.452
MinimumVisualStudioVersion = 10.0.40219.1
Project("{2150E333-8FDC-42A3-9474-1A3956D46DE8}") = "Services", "Services", "{E784D07B-8ECD-424E-94B8-6921DBDE7066}"
EndProject
Project("{2150E333-8FDC-42A3-9474-1A3956D46DE8}") = "Services.Web.API", "Services.Web.API", "{03DD98DA-E5E8-40FD-9399-648DDEB0C9E4}"
EndProject
Project("{2150E333-8FDC-42A3-9474-1A3956D46DE8}") = "Movies", "Movies", "{7255D205-E8A6-4616-9155-027A55274EE9}"
EndProject
Project("{2150E333-8FDC-42A3-9474-1A3956D46DE8}") = "Business", "Business", "{690316CD-27E2-495F-BBE2-526A0FA5A276}"
EndProject
Project("{9A19103F-16F7-4668-BE54-9A1E7A4F7556}") = "CinemasTheBESTia.Movies.Application.Core", "CinemasTheBESTia.Application.Core\CinemasTheBESTia.Movies.Application.Core.csproj", "{6378C149-E5F7-4CBC-A62C-89CE50CCAD73}"
EndProject
Project("{2150E333-8FDC-42A3-9474-1A3956D46DE8}") = "Utilities", "Utilities", "{6ED342E9-0D21-4439-8C9D-A86A4AD0D407}"
EndProject
Project("{2150E333-8FDC-42A3-9474-1A3956D46DE8}") = "Abstractions", "Abstractions", "{81C92EBC-FF0B-4811-9716-A224D4376A9F}"
EndProject
Project("{9A19103F-16F7-4668-BE54-9A1E7A4F7556}") = "CinemasTheBESTia.Utilities.Abstractions", "CinemasTheBESTia.Utilities.Abstractions\CinemasTheBESTia.Utilities.Abstractions.csproj", "{34274059-468F-4778-870F-8BBAB46904A2}"
EndProject
Project("{2150E333-8FDC-42A3-9474-1A3956D46DE8}") = "Domain", "Domain", "{E82257F6-8066-4A93-8BE0-20EE9FFC724A}"
EndProject
Project("{9A19103F-16F7-4668-BE54-9A1E7A4F7556}") = "CinemasTheBESTia.Entities", "CinemasTheBESTia.Entities\CinemasTheBESTia.Entities.csproj", "{87E09DE9-DE2D-433E-B1A2-7485C278E62A}"
EndProject
Project("{2150E333-8FDC-42A3-9474-1A3956D46DE8}") = "Helpers", "Helpers", "{F8CC338C-FDB2-466F-8BFF-DED7FEC17535}"
EndProject
Project("{9A19103F-16F7-4668-BE54-9A1E7A4F7556}") = "CinemasTheBESTia.Utilities.Helpers", "CinemasTheBESTia.Utilities.Helpers\CinemasTheBESTia.Utilities.Helpers.csproj", "{C602499D-8F1A-4404-A6A9-BDA39291F957}"
EndProject
Project("{2150E333-8FDC-42A3-9474-1A3956D46DE8}") = "Presentation", "Presentation", "{9420CE2A-A782-45FC-80C6-02B10533F012}"
EndProject
Project("{2150E333-8FDC-42A3-9474-1A3956D46DE8}") = "Presentation.Web.MVC", "Presentation.Web.MVC", "{01D1FEBD-A684-41ED-977F-A4E96733E6CC}"
EndProject
Project("{9A19103F-16F7-4668-BE54-9A1E7A4F7556}") = "CinemasTheBESTia.Web.MVC", "CinemasTheBESTia.Web.MVC\CinemasTheBESTia.Web.MVC.csproj", "{1C0DC527-F922-4E6A-9F1C-5B50C3E0377D}"
EndProject
Project("{9A19103F-16F7-4668-BE54-9A1E7A4F7556}") = "CinemasTheBESTia.Movies.API", "CinemasTheBESTia.Movies.API\CinemasTheBESTia.Movies.API.csproj", "{23D03D30-4A4C-4C10-9B66-1DFD262CB864}"
EndProject
Project("{2150E333-8FDC-42A3-9474-1A3956D46DE8}") = "Booking", "Booking", "{2F7E880F-4543-44A5-A173-40B33AF5EAFF}"
EndProject
Project("{9A19103F-16F7-4668-BE54-9A1E7A4F7556}") = "CinemasTheBESTia.CinemaBooking.API", "CinemasheBESTia.CinemaFunctions.API\CinemasTheBESTia.CinemaBooking.API.csproj", "{6EC12EFA-86B6-43DB-AFFD-AE2C0C99604B}"
EndProject
Project("{2150E333-8FDC-42A3-9474-1A3956D46DE8}") = "Data", "Data", "{E37BE8D5-4AAE-4F55-AB03-EEE9A800FB3C}"
EndProject
Project("{9A19103F-16F7-4668-BE54-9A1E7A4F7556}") = "CinemasTheBESTia.Booking.Data.Context", "CinemasTheBESTia.CinemaFunctions.Data.Context\CinemasTheBESTia.Booking.Data.Context.csproj", "{0A33CCB0-FF4A-4658-9842-8F21441713D3}"
EndProject
Project("{9A19103F-16F7-4668-BE54-9A1E7A4F7556}") = "CinemasTheBESTia.CinemaFunctions.Application.Core", "CinemasTheBESTia.Functions.Application.Core\CinemasTheBESTia.CinemaFunctions.Application.Core.csproj", "{24888B51-EEE8-4913-A631-68169A033630}"
EndProject
Project("{2150E333-8FDC-42A3-9474-1A3956D46DE8}") = "Identity", "Identity", "{3E6E48EE-B882-435F-AF94-BDA276348772}"
EndProject
Project("{9A19103F-16F7-4668-BE54-9A1E7A4F7556}") = "CinemasTheBESTia.IdentityServer", "CinemasTheBESTia.IdentityServer\CinemasTheBESTia.IdentityServer.csproj", "{F3433092-499F-4CBD-9D45-997F40826B90}"
EndProject
Project("{9A19103F-16F7-4668-BE54-9A1E7A4F7556}") = "CinemasTheBESTia.IdentityServer.Data.Context", "CinemasTheBESTia.IdentityServer.Data.Context\CinemasTheBESTia.IdentityServer.Data.Context.csproj", "{E7BF1C97-94BA-47E9-973C-E7435BAD5550}"
EndProject
Global
	GlobalSection(SolutionConfigurationPlatforms) = preSolution
		Debug|Any CPU = Debug|Any CPU
		Release|Any CPU = Release|Any CPU
	EndGlobalSection
	GlobalSection(ProjectConfigurationPlatforms) = postSolution
		{6378C149-E5F7-4CBC-A62C-89CE50CCAD73}.Debug|Any CPU.ActiveCfg = Debug|Any CPU
		{6378C149-E5F7-4CBC-A62C-89CE50CCAD73}.Debug|Any CPU.Build.0 = Debug|Any CPU
		{6378C149-E5F7-4CBC-A62C-89CE50CCAD73}.Release|Any CPU.ActiveCfg = Release|Any CPU
		{6378C149-E5F7-4CBC-A62C-89CE50CCAD73}.Release|Any CPU.Build.0 = Release|Any CPU
		{34274059-468F-4778-870F-8BBAB46904A2}.Debug|Any CPU.ActiveCfg = Debug|Any CPU
		{34274059-468F-4778-870F-8BBAB46904A2}.Debug|Any CPU.Build.0 = Debug|Any CPU
		{34274059-468F-4778-870F-8BBAB46904A2}.Release|Any CPU.ActiveCfg = Release|Any CPU
		{34274059-468F-4778-870F-8BBAB46904A2}.Release|Any CPU.Build.0 = Release|Any CPU
		{87E09DE9-DE2D-433E-B1A2-7485C278E62A}.Debug|Any CPU.ActiveCfg = Debug|Any CPU
		{87E09DE9-DE2D-433E-B1A2-7485C278E62A}.Debug|Any CPU.Build.0 = Debug|Any CPU
		{87E09DE9-DE2D-433E-B1A2-7485C278E62A}.Release|Any CPU.ActiveCfg = Release|Any CPU
		{87E09DE9-DE2D-433E-B1A2-7485C278E62A}.Release|Any CPU.Build.0 = Release|Any CPU
		{C602499D-8F1A-4404-A6A9-BDA39291F957}.Debug|Any CPU.ActiveCfg = Debug|Any CPU
		{C602499D-8F1A-4404-A6A9-BDA39291F957}.Debug|Any CPU.Build.0 = Debug|Any CPU
		{C602499D-8F1A-4404-A6A9-BDA39291F957}.Release|Any CPU.ActiveCfg = Release|Any CPU
		{C602499D-8F1A-4404-A6A9-BDA39291F957}.Release|Any CPU.Build.0 = Release|Any CPU
		{1C0DC527-F922-4E6A-9F1C-5B50C3E0377D}.Debug|Any CPU.ActiveCfg = Debug|Any CPU
		{1C0DC527-F922-4E6A-9F1C-5B50C3E0377D}.Debug|Any CPU.Build.0 = Debug|Any CPU
		{1C0DC527-F922-4E6A-9F1C-5B50C3E0377D}.Release|Any CPU.ActiveCfg = Release|Any CPU
		{1C0DC527-F922-4E6A-9F1C-5B50C3E0377D}.Release|Any CPU.Build.0 = Release|Any CPU
		{23D03D30-4A4C-4C10-9B66-1DFD262CB864}.Debug|Any CPU.ActiveCfg = Debug|Any CPU
		{23D03D30-4A4C-4C10-9B66-1DFD262CB864}.Debug|Any CPU.Build.0 = Debug|Any CPU
		{23D03D30-4A4C-4C10-9B66-1DFD262CB864}.Release|Any CPU.ActiveCfg = Release|Any CPU
		{23D03D30-4A4C-4C10-9B66-1DFD262CB864}.Release|Any CPU.Build.0 = Release|Any CPU
		{6EC12EFA-86B6-43DB-AFFD-AE2C0C99604B}.Debug|Any CPU.ActiveCfg = Debug|Any CPU
		{6EC12EFA-86B6-43DB-AFFD-AE2C0C99604B}.Debug|Any CPU.Build.0 = Debug|Any CPU
		{6EC12EFA-86B6-43DB-AFFD-AE2C0C99604B}.Release|Any CPU.ActiveCfg = Release|Any CPU
		{6EC12EFA-86B6-43DB-AFFD-AE2C0C99604B}.Release|Any CPU.Build.0 = Release|Any CPU
		{0A33CCB0-FF4A-4658-9842-8F21441713D3}.Debug|Any CPU.ActiveCfg = Debug|Any CPU
		{0A33CCB0-FF4A-4658-9842-8F21441713D3}.Debug|Any CPU.Build.0 = Debug|Any CPU
		{0A33CCB0-FF4A-4658-9842-8F21441713D3}.Release|Any CPU.ActiveCfg = Release|Any CPU
		{0A33CCB0-FF4A-4658-9842-8F21441713D3}.Release|Any CPU.Build.0 = Release|Any CPU
		{24888B51-EEE8-4913-A631-68169A033630}.Debug|Any CPU.ActiveCfg = Debug|Any CPU
		{24888B51-EEE8-4913-A631-68169A033630}.Debug|Any CPU.Build.0 = Debug|Any CPU
		{24888B51-EEE8-4913-A631-68169A033630}.Release|Any CPU.ActiveCfg = Release|Any CPU
		{24888B51-EEE8-4913-A631-68169A033630}.Release|Any CPU.Build.0 = Release|Any CPU
		{F3433092-499F-4CBD-9D45-997F40826B90}.Debug|Any CPU.ActiveCfg = Debug|Any CPU
		{F3433092-499F-4CBD-9D45-997F40826B90}.Debug|Any CPU.Build.0 = Debug|Any CPU
		{F3433092-499F-4CBD-9D45-997F40826B90}.Release|Any CPU.ActiveCfg = Release|Any CPU
		{F3433092-499F-4CBD-9D45-997F40826B90}.Release|Any CPU.Build.0 = Release|Any CPU
		{E7BF1C97-94BA-47E9-973C-E7435BAD5550}.Debug|Any CPU.ActiveCfg = Debug|Any CPU
		{E7BF1C97-94BA-47E9-973C-E7435BAD5550}.Debug|Any CPU.Build.0 = Debug|Any CPU
		{E7BF1C97-94BA-47E9-973C-E7435BAD5550}.Release|Any CPU.ActiveCfg = Release|Any CPU
		{E7BF1C97-94BA-47E9-973C-E7435BAD5550}.Release|Any CPU.Build.0 = Release|Any CPU
	EndGlobalSection
	GlobalSection(SolutionProperties) = preSolution
		HideSolutionNode = FALSE
	EndGlobalSection
	GlobalSection(NestedProjects) = preSolution
		{03DD98DA-E5E8-40FD-9399-648DDEB0C9E4} = {E784D07B-8ECD-424E-94B8-6921DBDE7066}
		{7255D205-E8A6-4616-9155-027A55274EE9} = {03DD98DA-E5E8-40FD-9399-648DDEB0C9E4}
		{6378C149-E5F7-4CBC-A62C-89CE50CCAD73} = {690316CD-27E2-495F-BBE2-526A0FA5A276}
		{81C92EBC-FF0B-4811-9716-A224D4376A9F} = {6ED342E9-0D21-4439-8C9D-A86A4AD0D407}
		{34274059-468F-4778-870F-8BBAB46904A2} = {81C92EBC-FF0B-4811-9716-A224D4376A9F}
		{87E09DE9-DE2D-433E-B1A2-7485C278E62A} = {E82257F6-8066-4A93-8BE0-20EE9FFC724A}
		{F8CC338C-FDB2-466F-8BFF-DED7FEC17535} = {6ED342E9-0D21-4439-8C9D-A86A4AD0D407}
		{C602499D-8F1A-4404-A6A9-BDA39291F957} = {F8CC338C-FDB2-466F-8BFF-DED7FEC17535}
		{01D1FEBD-A684-41ED-977F-A4E96733E6CC} = {9420CE2A-A782-45FC-80C6-02B10533F012}
		{1C0DC527-F922-4E6A-9F1C-5B50C3E0377D} = {01D1FEBD-A684-41ED-977F-A4E96733E6CC}
		{23D03D30-4A4C-4C10-9B66-1DFD262CB864} = {7255D205-E8A6-4616-9155-027A55274EE9}
		{2F7E880F-4543-44A5-A173-40B33AF5EAFF} = {03DD98DA-E5E8-40FD-9399-648DDEB0C9E4}
		{6EC12EFA-86B6-43DB-AFFD-AE2C0C99604B} = {2F7E880F-4543-44A5-A173-40B33AF5EAFF}
		{0A33CCB0-FF4A-4658-9842-8F21441713D3} = {E37BE8D5-4AAE-4F55-AB03-EEE9A800FB3C}
		{24888B51-EEE8-4913-A631-68169A033630} = {690316CD-27E2-495F-BBE2-526A0FA5A276}
		{3E6E48EE-B882-435F-AF94-BDA276348772} = {03DD98DA-E5E8-40FD-9399-648DDEB0C9E4}
		{F3433092-499F-4CBD-9D45-997F40826B90} = {3E6E48EE-B882-435F-AF94-BDA276348772}
		{E7BF1C97-94BA-47E9-973C-E7435BAD5550} = {E37BE8D5-4AAE-4F55-AB03-EEE9A800FB3C}
	EndGlobalSection
	GlobalSection(ExtensibilityGlobals) = postSolution
		SolutionGuid = {49D7A462-0207-4EFE-86F8-7CF5AEDB2DE7}
	EndGlobalSection
EndGlobal
